
Microsoft Visual Studio Solution File, Format Version 12.00
# Visual Studio 15
Project("{FAE04EC0-301F-11D3-BF4B-00C04F79EFBC}") = "Punch_to_Face_Convas_1", "Punch_to_Face_Convas_1.csproj", "{2E147C73-5ACE-D38E-74D9-CA6C27145E03}"
EndProject
Global
	GlobalSection(SolutionConfigurationPlatforms) = preSolution
		Debug|Any CPU = Debug|Any CPU
		Release|Any CPU = Release|Any CPU
	EndGlobalSection
	GlobalSection(ProjectConfigurationPlatforms) = postSolution
		{2E147C73-5ACE-D38E-74D9-CA6C27145E03}.Debug|Any CPU.ActiveCfg = Debug|Any CPU
		{2E147C73-5ACE-D38E-74D9-CA6C27145E03}.Debug|Any CPU.Build.0 = Debug|Any CPU
		{2E147C73-5ACE-D38E-74D9-CA6C27145E03}.Release|Any CPU.ActiveCfg = Release|Any CPU
		{2E147C73-5ACE-D38E-74D9-CA6C27145E03}.Release|Any CPU.Build.0 = Release|Any CPU
	EndGlobalSection
	GlobalSection(SolutionProperties) = preSolution
		HideSolutionNode = FALSE
	EndGlobalSection
EndGlobal
